
Microsoft Visual Studio Solution File, Format Version 12.00
# Visual Studio Version 16
VisualStudioVersion = 16.0.33027.164
MinimumVisualStudioVersion = 10.0.40219.1
Project("{FAE04EC0-301F-11D3-BF4B-00C04F79EFBC}") = "KyrsovayDLL", "KyrsovayDLL\KyrsovayDLL.csproj", "{4BAF0D07-38AD-48EF-93D4-74AA17AD8531}"
EndProject
Global
	GlobalSection(SolutionConfigurationPlatforms) = preSolution
		Debug|Any CPU = Debug|Any CPU
		Release|Any CPU = Release|Any CPU
	EndGlobalSection
	GlobalSection(ProjectConfigurationPlatforms) = postSolution
		{4BAF0D07-38AD-48EF-93D4-74AA17AD8531}.Debug|Any CPU.ActiveCfg = Debug|Any CPU
		{4BAF0D07-38AD-48EF-93D4-74AA17AD8531}.Debug|Any CPU.Build.0 = Debug|Any CPU
		{4BAF0D07-38AD-48EF-93D4-74AA17AD8531}.Release|Any CPU.ActiveCfg = Release|Any CPU
		{4BAF0D07-38AD-48EF-93D4-74AA17AD8531}.Release|Any CPU.Build.0 = Release|Any CPU
	EndGlobalSection
	GlobalSection(SolutionProperties) = preSolution
		HideSolutionNode = FALSE
	EndGlobalSection
	GlobalSection(ExtensibilityGlobals) = postSolution
		SolutionGuid = {61055B54-EFA5-4171-87F6-75FD5B122B94}
	EndGlobalSection
EndGlobal
